
Microsoft Visual Studio Solution File, Format Version 12.00
# Visual Studio 15
Project("{FAE04EC0-301F-11D3-BF4B-00C04F79EFBC}") = "Step01", "Step01\Step01.csproj", "{E9911E4E-3FB6-4EEF-944C-E87E4044CD99}"
EndProject
Project("{FAE04EC0-301F-11D3-BF4B-00C04F79EFBC}") = "Tests", "Tests\Tests.csproj", "{33F9FA29-84B9-4BFF-B44B-9A00CD2F3600}"
EndProject
Project("{FAE04EC0-301F-11D3-BF4B-00C04F79EFBC}") = "Step02", "Step02\Step02.csproj", "{D10ECA23-9480-4455-AD9A-4D30C8F97CD4}"
EndProject
Project("{FAE04EC0-301F-11D3-BF4B-00C04F79EFBC}") = "Step03", "Step03\Step03.csproj", "{AE08F79F-D857-4713-8557-DADDE375BA46}"
EndProject
Project("{FAE04EC0-301F-11D3-BF4B-00C04F79EFBC}") = "Step04", "Step04\Step04.csproj", "{5AAEFB64-CE32-4349-B907-9B441B13CCE1}"
EndProject
Project("{FAE04EC0-301F-11D3-BF4B-00C04F79EFBC}") = "Step05", "Step05\Step05.csproj", "{C18126CE-C48A-4F21-B46C-81427536ECF3}"
EndProject
Global
	GlobalSection(SolutionConfigurationPlatforms) = preSolution
		Debug|Any CPU = Debug|Any CPU
		Release|Any CPU = Release|Any CPU
	EndGlobalSection
	GlobalSection(ProjectConfigurationPlatforms) = postSolution
		{E9911E4E-3FB6-4EEF-944C-E87E4044CD99}.Debug|Any CPU.ActiveCfg = Debug|Any CPU
		{E9911E4E-3FB6-4EEF-944C-E87E4044CD99}.Debug|Any CPU.Build.0 = Debug|Any CPU
		{E9911E4E-3FB6-4EEF-944C-E87E4044CD99}.Release|Any CPU.ActiveCfg = Release|Any CPU
		{E9911E4E-3FB6-4EEF-944C-E87E4044CD99}.Release|Any CPU.Build.0 = Release|Any CPU
		{33F9FA29-84B9-4BFF-B44B-9A00CD2F3600}.Debug|Any CPU.ActiveCfg = Debug|Any CPU
		{33F9FA29-84B9-4BFF-B44B-9A00CD2F3600}.Debug|Any CPU.Build.0 = Debug|Any CPU
		{33F9FA29-84B9-4BFF-B44B-9A00CD2F3600}.Release|Any CPU.ActiveCfg = Release|Any CPU
		{33F9FA29-84B9-4BFF-B44B-9A00CD2F3600}.Release|Any CPU.Build.0 = Release|Any CPU
		{D10ECA23-9480-4455-AD9A-4D30C8F97CD4}.Debug|Any CPU.ActiveCfg = Debug|Any CPU
		{D10ECA23-9480-4455-AD9A-4D30C8F97CD4}.Debug|Any CPU.Build.0 = Debug|Any CPU
		{D10ECA23-9480-4455-AD9A-4D30C8F97CD4}.Release|Any CPU.ActiveCfg = Release|Any CPU
		{D10ECA23-9480-4455-AD9A-4D30C8F97CD4}.Release|Any CPU.Build.0 = Release|Any CPU
		{AE08F79F-D857-4713-8557-DADDE375BA46}.Debug|Any CPU.ActiveCfg = Debug|Any CPU
		{AE08F79F-D857-4713-8557-DADDE375BA46}.Debug|Any CPU.Build.0 = Debug|Any CPU
		{AE08F79F-D857-4713-8557-DADDE375BA46}.Release|Any CPU.ActiveCfg = Release|Any CPU
		{AE08F79F-D857-4713-8557-DADDE375BA46}.Release|Any CPU.Build.0 = Release|Any CPU
		{5AAEFB64-CE32-4349-B907-9B441B13CCE1}.Debug|Any CPU.ActiveCfg = Debug|Any CPU
		{5AAEFB64-CE32-4349-B907-9B441B13CCE1}.Debug|Any CPU.Build.0 = Debug|Any CPU
		{5AAEFB64-CE32-4349-B907-9B441B13CCE1}.Release|Any CPU.ActiveCfg = Release|Any CPU
		{5AAEFB64-CE32-4349-B907-9B441B13CCE1}.Release|Any CPU.Build.0 = Release|Any CPU
		{C18126CE-C48A-4F21-B46C-81427536ECF3}.Debug|Any CPU.ActiveCfg = Debug|Any CPU
		{C18126CE-C48A-4F21-B46C-81427536ECF3}.Debug|Any CPU.Build.0 = Debug|Any CPU
		{C18126CE-C48A-4F21-B46C-81427536ECF3}.Release|Any CPU.ActiveCfg = Release|Any CPU
		{C18126CE-C48A-4F21-B46C-81427536ECF3}.Release|Any CPU.Build.0 = Release|Any CPU
	EndGlobalSection
EndGlobal
